
Microsoft Visual Studio Solution File, Format Version 12.00
# Visual Studio Version 17
VisualStudioVersion = 17.10.34928.147
MinimumVisualStudioVersion = 10.0.40219.1
Project("{FAE04EC0-301F-11D3-BF4B-00C04F79EFBC}") = "MVC-DataAccess", "MVC-DataAccess\MVC-DataAccess.csproj", "{F2D92C50-B58B-4E13-9631-870A584E5CE2}"
EndProject
Global
	GlobalSection(SolutionConfigurationPlatforms) = preSolution
		Debug|Any CPU = Debug|Any CPU
		Release|Any CPU = Release|Any CPU
	EndGlobalSection
	GlobalSection(ProjectConfigurationPlatforms) = postSolution
		{F2D92C50-B58B-4E13-9631-870A584E5CE2}.Debug|Any CPU.ActiveCfg = Debug|Any CPU
		{F2D92C50-B58B-4E13-9631-870A584E5CE2}.Debug|Any CPU.Build.0 = Debug|Any CPU
		{F2D92C50-B58B-4E13-9631-870A584E5CE2}.Release|Any CPU.ActiveCfg = Release|Any CPU
		{F2D92C50-B58B-4E13-9631-870A584E5CE2}.Release|Any CPU.Build.0 = Release|Any CPU
	EndGlobalSection
	GlobalSection(SolutionProperties) = preSolution
		HideSolutionNode = FALSE
	EndGlobalSection
	GlobalSection(ExtensibilityGlobals) = postSolution
		SolutionGuid = {D785A447-CFA1-4A31-89AE-5A35907B1967}
	EndGlobalSection
EndGlobal
