
Microsoft Visual Studio Solution File, Format Version 12.00
# Visual Studio Version 17
VisualStudioVersion = 17.10.34928.147
MinimumVisualStudioVersion = 10.0.40219.1
Project("{FAE04EC0-301F-11D3-BF4B-00C04F79EFBC}") = "TicketEventWPF", "TicketEventWPF\TicketEventWPF.csproj", "{AEC79F61-3EBF-4C62-AD48-8F376B70DCBD}"
EndProject
Global
	GlobalSection(SolutionConfigurationPlatforms) = preSolution
		Debug|Any CPU = Debug|Any CPU
		Release|Any CPU = Release|Any CPU
	EndGlobalSection
	GlobalSection(ProjectConfigurationPlatforms) = postSolution
		{AEC79F61-3EBF-4C62-AD48-8F376B70DCBD}.Debug|Any CPU.ActiveCfg = Debug|Any CPU
		{AEC79F61-3EBF-4C62-AD48-8F376B70DCBD}.Debug|Any CPU.Build.0 = Debug|Any CPU
		{AEC79F61-3EBF-4C62-AD48-8F376B70DCBD}.Release|Any CPU.ActiveCfg = Release|Any CPU
		{AEC79F61-3EBF-4C62-AD48-8F376B70DCBD}.Release|Any CPU.Build.0 = Release|Any CPU
	EndGlobalSection
	GlobalSection(SolutionProperties) = preSolution
		HideSolutionNode = FALSE
	EndGlobalSection
	GlobalSection(ExtensibilityGlobals) = postSolution
		SolutionGuid = {6AAFA7B9-A791-4D74-8A24-15F272F79507}
	EndGlobalSection
EndGlobal
